<?xml version="1.0" encoding="utf-8"?>
<Project ToolsVersion="4.0" xmlns="http://schemas.microsoft.com/developer/msbuild/2003">
  <ItemGroup>
    <Filter Include="源文件">
      <UniqueIdentifier>{4FC737F1-C7A5-4376-A066-2A32D752A2FF}</UniqueIdentifier>
      <Extensions>cpp;c;cc;cxx;def;odl;idl;hpj;bat;asm;asmx</Extensions>
    </Filter>
    <Filter Include="头文件">
      <UniqueIdentifier>{93995380-89BD-4b04-88EB-625FBE52EBFB}</UniqueIdentifier>
      <Extensions>h;hh;hpp;hxx;hm;inl;inc;xsd</Extensions>
    </Filter>
    <Filter Include="资源文件">
      <UniqueIdentifier>{67DA6AB6-F800-4c08-8B7A-83BB121AAD01}</UniqueIdentifier>
      <Extensions>rc;ico;cur;bmp;dlg;rc2;rct;bin;rgs;gif;jpg;jpeg;jpe;resx;tiff;tif;png;wav;mfcribbon-ms</Extensions>
    </Filter>
    <Filter Include="头文件\MD5">
      <UniqueIdentifier>{875e882b-32fe-4733-8265-54b0adffc7ba}</UniqueIdentifier>
    </Filter>
    <Filter Include="源文件\MD5">
      <UniqueIdentifier>{d98c555e-e04a-40d9-863f-8429ffa7d7ef}</UniqueIdentifier>
    </Filter>
    <Filter Include="头文件\TCP">
      <UniqueIdentifier>{31089258-a719-45b5-9665-e1e6c3cfa82c}</UniqueIdentifier>
    </Filter>
    <Filter Include="源文件\TCP">
      <UniqueIdentifier>{3777a3cf-9372-45e2-81f8-c3dbb405c268}</UniqueIdentifier>
    </Filter>
    <Filter Include="源文件\AntiChat">
      <UniqueIdentifier>{b9948536-5966-4521-9f21-63dc8b126f80}</UniqueIdentifier>
    </Filter>
    <Filter Include="头文件\AntiCheat">
      <UniqueIdentifier>{e9008715-608e-4f95-8dfb-e1157587ac2b}</UniqueIdentifier>
    </Filter>
    <Filter Include="ShareLib">
      <UniqueIdentifier>{0220af5a-cdee-467e-91a7-835c1132d465}</UniqueIdentifier>
    </Filter>
    <Filter Include="ShareLib\RapidJSON">
      <UniqueIdentifier>{baedc53c-55a8-4fc0-a088-14239e917490}</UniqueIdentifier>
    </Filter>
    <Filter Include="ShareLib\curl">
      <UniqueIdentifier>{423739c8-f858-4195-97e8-d6a1d7774497}</UniqueIdentifier>
    </Filter>
    <Filter Include="头文件\NoBugZ">
      <UniqueIdentifier>{bb9b8ad5-e67c-4a39-8a02-e19d5f2f49e4}</UniqueIdentifier>
    </Filter>
    <Filter Include="源文件\NoBugZ">
      <UniqueIdentifier>{8c8b4479-351a-4157-bc0a-dc9252906131}</UniqueIdentifier>
    </Filter>
  </ItemGroup>
  <ItemGroup>
    <Text Include="ReadMe.txt" />
  </ItemGroup>
  <ItemGroup>
    <ClInclude Include="stdafx.h">
      <Filter>头文件</Filter>
    </ClInclude>
    <ClInclude Include="targetver.h">
      <Filter>头文件</Filter>
    </ClInclude>
    <ClInclude Include="TCPserver.h">
      <Filter>头文件\TCP</Filter>
    </ClInclude>
    <ClInclude Include="unity.h">
      <Filter>头文件</Filter>
    </ClInclude>
    <ClInclude Include="CallBacks.h">
      <Filter>头文件</Filter>
    </ClInclude>
    <ClInclude Include="xorstr.hpp">
      <Filter>头文件</Filter>
    </ClInclude>
    <ClInclude Include="MD5Encrypt.h">
      <Filter>头文件\MD5</Filter>
    </ClInclude>
    <ClInclude Include="TCPClient.h">
      <Filter>头文件\TCP</Filter>
    </ClInclude>
    <ClInclude Include="OverlayFinder.h">
      <Filter>头文件\AntiCheat</Filter>
    </ClInclude>
    <ClInclude Include="AntiCheatEngine.h">
      <Filter>头文件\AntiCheat</Filter>
    </ClInclude>
    <ClInclude Include="SigScaner.h">
      <Filter>头文件\AntiCheat</Filter>
    </ClInclude>
    <ClInclude Include="AES.h">
      <Filter>头文件\MD5</Filter>
    </ClInclude>
    <ClInclude Include="..\..\ShareLib\rapidjson\allocators.h">
      <Filter>ShareLib\RapidJSON</Filter>
    </ClInclude>
    <ClInclude Include="..\..\ShareLib\rapidjson\cursorstreamwrapper.h">
      <Filter>ShareLib\RapidJSON</Filter>
    </ClInclude>
    <ClInclude Include="..\..\ShareLib\rapidjson\document.h">
      <Filter>ShareLib\RapidJSON</Filter>
    </ClInclude>
    <ClInclude Include="..\..\ShareLib\rapidjson\encodedstream.h">
      <Filter>ShareLib\RapidJSON</Filter>
    </ClInclude>
    <ClInclude Include="..\..\ShareLib\rapidjson\encodings.h">
      <Filter>ShareLib\RapidJSON</Filter>
    </ClInclude>
    <ClInclude Include="..\..\ShareLib\rapidjson\filereadstream.h">
      <Filter>ShareLib\RapidJSON</Filter>
    </ClInclude>
    <ClInclude Include="..\..\ShareLib\rapidjson\filewritestream.h">
      <Filter>ShareLib\RapidJSON</Filter>
    </ClInclude>
    <ClInclude Include="..\..\ShareLib\rapidjson\fwd.h">
      <Filter>ShareLib\RapidJSON</Filter>
    </ClInclude>
    <ClInclude Include="..\..\ShareLib\rapidjson\istreamwrapper.h">
      <Filter>ShareLib\RapidJSON</Filter>
    </ClInclude>
    <ClInclude Include="..\..\ShareLib\rapidjson\memorybuffer.h">
      <Filter>ShareLib\RapidJSON</Filter>
    </ClInclude>
    <ClInclude Include="..\..\ShareLib\rapidjson\memorystream.h">
      <Filter>ShareLib\RapidJSON</Filter>
    </ClInclude>
    <ClInclude Include="..\..\ShareLib\rapidjson\ostreamwrapper.h">
      <Filter>ShareLib\RapidJSON</Filter>
    </ClInclude>
    <ClInclude Include="..\..\ShareLib\rapidjson\pointer.h">
      <Filter>ShareLib\RapidJSON</Filter>
    </ClInclude>
    <ClInclude Include="..\..\ShareLib\rapidjson\prettywriter.h">
      <Filter>ShareLib\RapidJSON</Filter>
    </ClInclude>
    <ClInclude Include="..\..\ShareLib\rapidjson\rapidjson.h">
      <Filter>ShareLib\RapidJSON</Filter>
    </ClInclude>
    <ClInclude Include="..\..\ShareLib\rapidjson\reader.h">
      <Filter>ShareLib\RapidJSON</Filter>
    </ClInclude>
    <ClInclude Include="..\..\ShareLib\rapidjson\schema.h">
      <Filter>ShareLib\RapidJSON</Filter>
    </ClInclude>
    <ClInclude Include="..\..\ShareLib\rapidjson\stream.h">
      <Filter>ShareLib\RapidJSON</Filter>
    </ClInclude>
    <ClInclude Include="..\..\ShareLib\rapidjson\stringbuffer.h">
      <Filter>ShareLib\RapidJSON</Filter>
    </ClInclude>
    <ClInclude Include="..\..\ShareLib\rapidjson\writer.h">
      <Filter>ShareLib\RapidJSON</Filter>
    </ClInclude>
    <ClInclude Include="..\..\ShareLib\curl\include\curl.h">
      <Filter>ShareLib\curl</Filter>
    </ClInclude>
    <ClInclude Include="..\..\ShareLib\curl\include\curlbuild.h">
      <Filter>ShareLib\curl</Filter>
    </ClInclude>
    <ClInclude Include="..\..\ShareLib\curl\include\curlrules.h">
      <Filter>ShareLib\curl</Filter>
    </ClInclude>
    <ClInclude Include="..\..\ShareLib\curl\include\curlver.h">
      <Filter>ShareLib\curl</Filter>
    </ClInclude>
    <ClInclude Include="..\..\ShareLib\curl\include\easy.h">
      <Filter>ShareLib\curl</Filter>
    </ClInclude>
    <ClInclude Include="..\..\ShareLib\curl\include\mprintf.h">
      <Filter>ShareLib\curl</Filter>
    </ClInclude>
    <ClInclude Include="..\..\ShareLib\curl\include\multi.h">
      <Filter>ShareLib\curl</Filter>
    </ClInclude>
    <ClInclude Include="..\..\ShareLib\curl\include\stdcheaders.h">
      <Filter>ShareLib\curl</Filter>
    </ClInclude>
    <ClInclude Include="..\..\ShareLib\curl\include\typecheck-gcc.h">
      <Filter>ShareLib\curl</Filter>
    </ClInclude>
    <ClInclude Include="NoBugZ.h">
      <Filter>源文件\NoBugZ</Filter>
    </ClInclude>
  </ItemGroup>
  <ItemGroup>
    <ClCompile Include="stdafx.cpp">
      <Filter>源文件</Filter>
    </ClCompile>
    <ClCompile Include="AntiCheatLoader.cpp">
      <Filter>源文件</Filter>
    </ClCompile>
    <ClCompile Include="TCPserver.cpp">
      <Filter>源文件\TCP</Filter>
    </ClCompile>
    <ClCompile Include="CallBacks.cpp">
      <Filter>源文件</Filter>
    </ClCompile>
    <ClCompile Include="unity.cpp">
      <Filter>源文件</Filter>
    </ClCompile>
    <ClCompile Include="MD5Encrypt.cpp">
      <Filter>源文件\MD5</Filter>
    </ClCompile>
    <ClCompile Include="TCPClient.cpp">
      <Filter>源文件\TCP</Filter>
    </ClCompile>
    <ClCompile Include="OverlayFinder.cpp">
      <Filter>源文件\AntiChat</Filter>
    </ClCompile>
    <ClCompile Include="AntiCheatEngine.cpp">
      <Filter>源文件\AntiChat</Filter>
    </ClCompile>
    <ClCompile Include="SigScaner.cpp">
      <Filter>源文件\AntiChat</Filter>
    </ClCompile>
    <ClCompile Include="AES.cpp">
      <Filter>源文件\MD5</Filter>
    </ClCompile>
    <ClCompile Include="NoBugZ.cpp">
      <Filter>头文件\NoBugZ</Filter>
    </ClCompile>
  </ItemGroup>
</Project>